
Microsoft Visual Studio Solution File, Format Version 12.00
# Visual Studio Version 16
VisualStudioVersion = 16.0.30907.101
MinimumVisualStudioVersion = 10.0.40219.1
Project("{9A19103F-16F7-4668-BE54-9A1E7A4F7556}") = "DiagnosticsTools", "DiagnosticsTools.csproj", "{71B5F7E0-D11D-4ACF-9E02-CEDC859F994D}"
EndProject
Global
	GlobalSection(SolutionConfigurationPlatforms) = preSolution
		Debug|Any CPU = Debug|Any CPU
		Release|Any CPU = Release|Any CPU
	EndGlobalSection
	GlobalSection(ProjectConfigurationPlatforms) = postSolution
		{71B5F7E0-D11D-4ACF-9E02-CEDC859F994D}.Debug|Any CPU.ActiveCfg = Debug|Any CPU
		{71B5F7E0-D11D-4ACF-9E02-CEDC859F994D}.Debug|Any CPU.Build.0 = Debug|Any CPU
		{71B5F7E0-D11D-4ACF-9E02-CEDC859F994D}.Release|Any CPU.ActiveCfg = Release|Any CPU
		{71B5F7E0-D11D-4ACF-9E02-CEDC859F994D}.Release|Any CPU.Build.0 = Release|Any CPU
	EndGlobalSection
	GlobalSection(SolutionProperties) = preSolution
		HideSolutionNode = FALSE
	EndGlobalSection
	GlobalSection(ExtensibilityGlobals) = postSolution
		SolutionGuid = {A40364B1-E120-4DC5-9E55-F6C5F5770BEE}
	EndGlobalSection
EndGlobal
